# This file is automatically @generated by Cargo.
# It is not intended for manual editing.
version = 3

[[package]]
name = "noto-ast"
version = "0.12.0"
dependencies = [
 "noto-lexer",
 "noto-span",
]

[[package]]
name = "noto-cli"
version = "0.12.0"
dependencies = [
 "noto-codegen",
 "noto-diagnostics",
 "noto-driver",
 "noto-formatter",
 "noto-linter",
 "noto-span",
 "noto-test-runner",
]

[[package]]
name = "noto-codegen"
version = "0.12.0"
dependencies = [
 "noto-diagnostics",
 "noto-ir",
 "noto-runtime",
 "noto-span",
 "noto-types",
]

[[package]]
name = "noto-debugger"
version = "0.12.0"
dependencies = [
 "noto-span",
]

[[package]]
name = "noto-diagnostics"
version = "0.12.0"
dependencies = [
 "noto-span",
]

[[package]]
name = "noto-driver"
version = "0.12.0"
dependencies = [
 "noto-ast",
 "noto-codegen",
 "noto-diagnostics",
 "noto-ir",
 "noto-lexer",
 "noto-lower",
 "noto-optimizer",
 "noto-parser",
 "noto-semantic",
 "noto-span",
 "noto-types",
]

[[package]]
name = "noto-formatter"
version = "0.12.0"
dependencies = [
 "noto-diagnostics",
 "noto-lexer",
 "noto-span",
]

[[package]]
name = "noto-ir"
version = "0.12.0"
dependencies = [
 "noto-span",
 "noto-types",
]

[[package]]
name = "noto-lexer"
version = "0.12.0"
dependencies = [
 "noto-diagnostics",
 "noto-span",
]

[[package]]
name = "noto-linter"
version = "0.12.0"
dependencies = [
 "noto-ast",
 "noto-diagnostics",
 "noto-driver",
 "noto-semantic",
]

[[package]]
name = "noto-lower"
version = "0.12.0"
dependencies = [
 "noto-ast",
 "noto-diagnostics",
 "noto-ir",
 "noto-parser",
 "noto-runtime",
 "noto-semantic",
 "noto-span",
 "noto-types",
]

[[package]]
name = "noto-lsp"
version = "0.12.0"
dependencies = [
 "noto-diagnostics",
 "noto-driver",
 "noto-span",
]

[[package]]
name = "noto-optimizer"
version = "0.12.0"
dependencies = [
 "noto-ir",
 "noto-span",
]

[[package]]
name = "noto-parser"
version = "0.12.0"
dependencies = [
 "noto-ast",
 "noto-diagnostics",
 "noto-lexer",
 "noto-span",
]

[[package]]
name = "noto-runtime"
version = "0.12.0"

[[package]]
name = "noto-semantic"
version = "0.12.0"
dependencies = [
 "noto-ast",
 "noto-diagnostics",
 "noto-parser",
 "noto-span",
 "noto-types",
]

[[package]]
name = "noto-span"
version = "0.12.0"

[[package]]
name = "noto-test-runner"
version = "0.12.0"
dependencies = [
 "noto-codegen",
 "noto-diagnostics",
 "noto-driver",
 "noto-ir",
 "noto-runtime",
 "noto-span",
]

[[package]]
name = "noto-types"
version = "0.12.0"
dependencies = [
 "noto-span",
]
